// !$*UTF8*$!
{
	archiveVersion = 1;
	classes = {
	};
	objectVersion = 51;
	objects = {

/* Begin PBXBuildFile section */
		0425F225230BE70400D7A44D /* TestingScreen.swift in Sources */ = {isa = PBXBuildFile; fileRef = 0425F224230BE70400D7A44D /* TestingScreen.swift */; };
		0425F227230BE73800D7A44D /* TestingBase.swift in Sources */ = {isa = PBXBuildFile; fileRef = 0425F226230BE73800D7A44D /* TestingBase.swift */; };
		046E202323A463FC001A9C13 /* UIAlertControllerExtension.swift in Sources */ = {isa = PBXBuildFile; fileRef = 046E202023A463FC001A9C13 /* UIAlertControllerExtension.swift */; };
		046E202423A463FC001A9C13 /* UIViewControllerExtension.swift in Sources */ = {isa = PBXBuildFile; fileRef = 046E202123A463FC001A9C13 /* UIViewControllerExtension.swift */; };
		046E202523A463FC001A9C13 /* BundleExtension.swift in Sources */ = {isa = PBXBuildFile; fileRef = 046E202223A463FC001A9C13 /* BundleExtension.swift */; };
		046F7C1022FAF29D00860B62 /* UIViewControllerExtension.swift in Sources */ = {isa = PBXBuildFile; fileRef = 046F7C0F22FAF29D00860B62 /* UIViewControllerExtension.swift */; };
		046F7C1322FAF44800860B62 /* ManualMocks.swift in Sources */ = {isa = PBXBuildFile; fileRef = 046F7C1222FAF44800860B62 /* ManualMocks.swift */; };
		046F7C1722FAF8B900860B62 /* UIAlertControllerExtension.swift in Sources */ = {isa = PBXBuildFile; fileRef = 046F7C1622FAF8B900860B62 /* UIAlertControllerExtension.swift */; };
		046F7C1922FAF91B00860B62 /* AlertAction.swift in Sources */ = {isa = PBXBuildFile; fileRef = 046F7C1822FAF91B00860B62 /* AlertAction.swift */; };
		04B6B56923003BD700223781 /* QRCodeLoginScreen.swift in Sources */ = {isa = PBXBuildFile; fileRef = 04B6B56823003BD700223781 /* QRCodeLoginScreen.swift */; };
		04D1C9AE23096DDC006FD8F7 /* BundleExtension.swift in Sources */ = {isa = PBXBuildFile; fileRef = 04D1C9AD23096DDC006FD8F7 /* BundleExtension.swift */; };
		04D1C9B023097058006FD8F7 /* instruction.html in Resources */ = {isa = PBXBuildFile; fileRef = 04D1C9AF23097058006FD8F7 /* instruction.html */; };
		04D1C9B22309730D006FD8F7 /* WebKit.framework in Frameworks */ = {isa = PBXBuildFile; fileRef = 04D1C9B12309730B006FD8F7 /* WebKit.framework */; };
		0589311D3E4ECBA7F76525B4 /* Pods_QRCodeReaderRxTests.framework in Frameworks */ = {isa = PBXBuildFile; fileRef = B0B99153B1BE742B65B4EDC2 /* Pods_QRCodeReaderRxTests.framework */; };
		921A4B1ED9D8B107F1722EA9 /* Pods_QRCodeReaderRx.framework in Frameworks */ = {isa = PBXBuildFile; fileRef = AA79E9B20BAFB76BC4CA6BA7 /* Pods_QRCodeReaderRx.framework */; };
		AF39431022ED65460015EBDD /* QRCodeLoginViewModel.swift in Sources */ = {isa = PBXBuildFile; fileRef = AF39430F22ED65460015EBDD /* QRCodeLoginViewModel.swift */; };
		AF39431222ED655C0015EBDD /* QRCodeLoginViewController.swift in Sources */ = {isa = PBXBuildFile; fileRef = AF39431122ED655C0015EBDD /* QRCodeLoginViewController.swift */; };
		AF39431422ED65700015EBDD /* QRCodeLoginModel.swift in Sources */ = {isa = PBXBuildFile; fileRef = AF39431322ED65700015EBDD /* QRCodeLoginModel.swift */; };
		AF39432222ED6E6F0015EBDD /* Result.swift in Sources */ = {isa = PBXBuildFile; fileRef = AF39431722ED6E6F0015EBDD /* Result.swift */; };
		AF39432322ED6E6F0015EBDD /* ErrorResult.swift in Sources */ = {isa = PBXBuildFile; fileRef = AF39431822ED6E6F0015EBDD /* ErrorResult.swift */; };
		AF39432422ED6E6F0015EBDD /* NetworkingError.swift in Sources */ = {isa = PBXBuildFile; fileRef = AF39431A22ED6E6F0015EBDD /* NetworkingError.swift */; };
		AF39432522ED6E6F0015EBDD /* WebServiceProtocol.swift in Sources */ = {isa = PBXBuildFile; fileRef = AF39431B22ED6E6F0015EBDD /* WebServiceProtocol.swift */; };
		AF39432622ED6E6F0015EBDD /* WebService.swift in Sources */ = {isa = PBXBuildFile; fileRef = AF39431C22ED6E6F0015EBDD /* WebService.swift */; };
		AF39433222ED6FD10015EBDD /* QRCodeReaderHandler.swift in Sources */ = {isa = PBXBuildFile; fileRef = AF39433122ED6FD10015EBDD /* QRCodeReaderHandler.swift */; };
		AF39433422ED6FF10015EBDD /* QRCodeReaderHandlerProtocol.swift in Sources */ = {isa = PBXBuildFile; fileRef = AF39433322ED6FF10015EBDD /* QRCodeReaderHandlerProtocol.swift */; };
		AF39433922ED70F50015EBDD /* AVFoundationHelperProtocolRx.swift in Sources */ = {isa = PBXBuildFile; fileRef = AF39433822ED70F50015EBDD /* AVFoundationHelperProtocolRx.swift */; };
		AF39433B22ED71030015EBDD /* AVFoundationHelperRx.swift in Sources */ = {isa = PBXBuildFile; fileRef = AF39433A22ED71030015EBDD /* AVFoundationHelperRx.swift */; };
		AF39433D22ED71330015EBDD /* CameraStatus.swift in Sources */ = {isa = PBXBuildFile; fileRef = AF39433C22ED71330015EBDD /* CameraStatus.swift */; };
		AF9590C622F31D3F00F0E16E /* QRCodeLoginViewModelTests.swift in Sources */ = {isa = PBXBuildFile; fileRef = AF9590C522F31D3F00F0E16E /* QRCodeLoginViewModelTests.swift */; };
		AF9590CD22F3214F00F0E16E /* GeneratedMocks.swift in Sources */ = {isa = PBXBuildFile; fileRef = AF9590CC22F3214E00F0E16E /* GeneratedMocks.swift */; };
		AF9590D522F3248300F0E16E /* QRCodeLoginModelTests.swift in Sources */ = {isa = PBXBuildFile; fileRef = AF9590D422F3248300F0E16E /* QRCodeLoginModelTests.swift */; };
		AF964DFE22EC59CD00F70290 /* AppDelegate.swift in Sources */ = {isa = PBXBuildFile; fileRef = AF964DFD22EC59CD00F70290 /* AppDelegate.swift */; };
		AF964E0322EC59CD00F70290 /* Main.storyboard in Resources */ = {isa = PBXBuildFile; fileRef = AF964E0122EC59CD00F70290 /* Main.storyboard */; };
		AF964E0622EC59CD00F70290 /* QRCodeReaderRx.xcdatamodeld in Sources */ = {isa = PBXBuildFile; fileRef = AF964E0422EC59CD00F70290 /* QRCodeReaderRx.xcdatamodeld */; };
		AF964E0822EC59CF00F70290 /* Assets.xcassets in Resources */ = {isa = PBXBuildFile; fileRef = AF964E0722EC59CF00F70290 /* Assets.xcassets */; };
		AF964E0B22EC59CF00F70290 /* LaunchScreen.storyboard in Resources */ = {isa = PBXBuildFile; fileRef = AF964E0922EC59CF00F70290 /* LaunchScreen.storyboard */; };
		AF964E1622EC59D000F70290 /* QRCodeReaderRxTests.swift in Sources */ = {isa = PBXBuildFile; fileRef = AF964E1522EC59D000F70290 /* QRCodeReaderRxTests.swift */; };
		AF964E2122EC59D000F70290 /* QRCodeReaderRxUITests.swift in Sources */ = {isa = PBXBuildFile; fileRef = AF964E2022EC59D000F70290 /* QRCodeReaderRxUITests.swift */; };
		AF964E2F22EC5BBD00F70290 /* .swiftlint.yml in Resources */ = {isa = PBXBuildFile; fileRef = AF964E2E22EC5BBD00F70290 /* .swiftlint.yml */; };
		AF9DA28322F0516200DFBDB8 /* QRCodeLoginViewModelProtocol.swift in Sources */ = {isa = PBXBuildFile; fileRef = AF9DA28222F0516200DFBDB8 /* QRCodeLoginViewModelProtocol.swift */; };
		AF9DA28522F0518100DFBDB8 /* QRCodeLoginModelProtocol.swift in Sources */ = {isa = PBXBuildFile; fileRef = AF9DA28422F0518100DFBDB8 /* QRCodeLoginModelProtocol.swift */; };
		C00D83CDFEE2BE346B9645D1 /* Pods_QRCodeReaderRxUITests.framework in Frameworks */ = {isa = PBXBuildFile; fileRef = DF9DBC2CDBF4E4B505AEE6DE /* Pods_QRCodeReaderRxUITests.framework */; };
/* End PBXBuildFile section */

/* Begin PBXContainerItemProxy section */
		AF964E1222EC59D000F70290 /* PBXContainerItemProxy */ = {
			isa = PBXContainerItemProxy;
			containerPortal = AF964DF222EC59CD00F70290 /* Project object */;
			proxyType = 1;
			remoteGlobalIDString = AF964DF922EC59CD00F70290;
			remoteInfo = QRCodeReaderRx;
		};
		AF964E1D22EC59D000F70290 /* PBXContainerItemProxy */ = {
			isa = PBXContainerItemProxy;
			containerPortal = AF964DF222EC59CD00F70290 /* Project object */;
			proxyType = 1;
			remoteGlobalIDString = AF964DF922EC59CD00F70290;
			remoteInfo = QRCodeReaderRx;
		};
/* End PBXContainerItemProxy section */

/* Begin PBXFileReference section */
		0425F224230BE70400D7A44D /* TestingScreen.swift */ = {isa = PBXFileReference; lastKnownFileType = sourcecode.swift; path = TestingScreen.swift; sourceTree = "<group>"; };
		0425F226230BE73800D7A44D /* TestingBase.swift */ = {isa = PBXFileReference; lastKnownFileType = sourcecode.swift; path = TestingBase.swift; sourceTree = "<group>"; };
		046E202023A463FC001A9C13 /* UIAlertControllerExtension.swift */ = {isa = PBXFileReference; fileEncoding = 4; lastKnownFileType = sourcecode.swift; path = UIAlertControllerExtension.swift; sourceTree = "<group>"; };
		046E202123A463FC001A9C13 /* UIViewControllerExtension.swift */ = {isa = PBXFileReference; fileEncoding = 4; lastKnownFileType = sourcecode.swift; path = UIViewControllerExtension.swift; sourceTree = "<group>"; };
		046E202223A463FC001A9C13 /* BundleExtension.swift */ = {isa = PBXFileReference; fileEncoding = 4; lastKnownFileType = sourcecode.swift; path = BundleExtension.swift; sourceTree = "<group>"; };
		046F7C0F22FAF29D00860B62 /* UIViewControllerExtension.swift */ = {isa = PBXFileReference; lastKnownFileType = sourcecode.swift; path = UIViewControllerExtension.swift; sourceTree = "<group>"; };
		046F7C1222FAF44800860B62 /* ManualMocks.swift */ = {isa = PBXFileReference; lastKnownFileType = sourcecode.swift; path = ManualMocks.swift; sourceTree = "<group>"; };
		046F7C1622FAF8B900860B62 /* UIAlertControllerExtension.swift */ = {isa = PBXFileReference; lastKnownFileType = sourcecode.swift; path = UIAlertControllerExtension.swift; sourceTree = "<group>"; };
		046F7C1822FAF91B00860B62 /* AlertAction.swift */ = {isa = PBXFileReference; lastKnownFileType = sourcecode.swift; path = AlertAction.swift; sourceTree = "<group>"; };
		04B6B56823003BD700223781 /* QRCodeLoginScreen.swift */ = {isa = PBXFileReference; lastKnownFileType = sourcecode.swift; path = QRCodeLoginScreen.swift; sourceTree = "<group>"; };
		04D1C9AD23096DDC006FD8F7 /* BundleExtension.swift */ = {isa = PBXFileReference; lastKnownFileType = sourcecode.swift; path = BundleExtension.swift; sourceTree = "<group>"; };
		04D1C9AF23097058006FD8F7 /* instruction.html */ = {isa = PBXFileReference; lastKnownFileType = text.html; path = instruction.html; sourceTree = "<group>"; };
		04D1C9B12309730B006FD8F7 /* WebKit.framework */ = {isa = PBXFileReference; lastKnownFileType = wrapper.framework; name = WebKit.framework; path = System/Library/Frameworks/WebKit.framework; sourceTree = SDKROOT; };
		4CAFC956DB5D3DBBD41BF810 /* Pods-QRCodeReaderRxTests.debug.xcconfig */ = {isa = PBXFileReference; includeInIndex = 1; lastKnownFileType = text.xcconfig; name = "Pods-QRCodeReaderRxTests.debug.xcconfig"; path = "Target Support Files/Pods-QRCodeReaderRxTests/Pods-QRCodeReaderRxTests.debug.xcconfig"; sourceTree = "<group>"; };
		68C78582D043E4D9815B5A52 /* Pods-QRCodeReaderRxUITests.release.xcconfig */ = {isa = PBXFileReference; includeInIndex = 1; lastKnownFileType = text.xcconfig; name = "Pods-QRCodeReaderRxUITests.release.xcconfig"; path = "Target Support Files/Pods-QRCodeReaderRxUITests/Pods-QRCodeReaderRxUITests.release.xcconfig"; sourceTree = "<group>"; };
		AA79E9B20BAFB76BC4CA6BA7 /* Pods_QRCodeReaderRx.framework */ = {isa = PBXFileReference; explicitFileType = wrapper.framework; includeInIndex = 0; path = Pods_QRCodeReaderRx.framework; sourceTree = BUILT_PRODUCTS_DIR; };
		AF39430F22ED65460015EBDD /* QRCodeLoginViewModel.swift */ = {isa = PBXFileReference; lastKnownFileType = sourcecode.swift; path = QRCodeLoginViewModel.swift; sourceTree = "<group>"; };
		AF39431122ED655C0015EBDD /* QRCodeLoginViewController.swift */ = {isa = PBXFileReference; lastKnownFileType = sourcecode.swift; path = QRCodeLoginViewController.swift; sourceTree = "<group>"; };
		AF39431322ED65700015EBDD /* QRCodeLoginModel.swift */ = {isa = PBXFileReference; lastKnownFileType = sourcecode.swift; path = QRCodeLoginModel.swift; sourceTree = "<group>"; };
		AF39431722ED6E6F0015EBDD /* Result.swift */ = {isa = PBXFileReference; fileEncoding = 4; lastKnownFileType = sourcecode.swift; path = Result.swift; sourceTree = "<group>"; };
		AF39431822ED6E6F0015EBDD /* ErrorResult.swift */ = {isa = PBXFileReference; fileEncoding = 4; lastKnownFileType = sourcecode.swift; path = ErrorResult.swift; sourceTree = "<group>"; };
		AF39431A22ED6E6F0015EBDD /* NetworkingError.swift */ = {isa = PBXFileReference; fileEncoding = 4; lastKnownFileType = sourcecode.swift; path = NetworkingError.swift; sourceTree = "<group>"; };
		AF39431B22ED6E6F0015EBDD /* WebServiceProtocol.swift */ = {isa = PBXFileReference; fileEncoding = 4; lastKnownFileType = sourcecode.swift; path = WebServiceProtocol.swift; sourceTree = "<group>"; };
		AF39431C22ED6E6F0015EBDD /* WebService.swift */ = {isa = PBXFileReference; fileEncoding = 4; lastKnownFileType = sourcecode.swift; path = WebService.swift; sourceTree = "<group>"; };
		AF39433122ED6FD10015EBDD /* QRCodeReaderHandler.swift */ = {isa = PBXFileReference; lastKnownFileType = sourcecode.swift; path = QRCodeReaderHandler.swift; sourceTree = "<group>"; };
		AF39433322ED6FF10015EBDD /* QRCodeReaderHandlerProtocol.swift */ = {isa = PBXFileReference; lastKnownFileType = sourcecode.swift; path = QRCodeReaderHandlerProtocol.swift; sourceTree = "<group>"; };
		AF39433822ED70F50015EBDD /* AVFoundationHelperProtocolRx.swift */ = {isa = PBXFileReference; lastKnownFileType = sourcecode.swift; path = AVFoundationHelperProtocolRx.swift; sourceTree = "<group>"; };
		AF39433A22ED71030015EBDD /* AVFoundationHelperRx.swift */ = {isa = PBXFileReference; lastKnownFileType = sourcecode.swift; path = AVFoundationHelperRx.swift; sourceTree = "<group>"; };
		AF39433C22ED71330015EBDD /* CameraStatus.swift */ = {isa = PBXFileReference; lastKnownFileType = sourcecode.swift; path = CameraStatus.swift; sourceTree = "<group>"; };
		AF9590C522F31D3F00F0E16E /* QRCodeLoginViewModelTests.swift */ = {isa = PBXFileReference; lastKnownFileType = sourcecode.swift; path = QRCodeLoginViewModelTests.swift; sourceTree = "<group>"; };
		AF9590C722F31E0200F0E16E /* Cuckoo-GeneratedMocks.sh */ = {isa = PBXFileReference; fileEncoding = 4; lastKnownFileType = text.script.sh; path = "Cuckoo-GeneratedMocks.sh"; sourceTree = "<group>"; };
		AF9590CC22F3214E00F0E16E /* GeneratedMocks.swift */ = {isa = PBXFileReference; fileEncoding = 4; lastKnownFileType = sourcecode.swift; path = GeneratedMocks.swift; sourceTree = "<group>"; };
		AF9590D422F3248300F0E16E /* QRCodeLoginModelTests.swift */ = {isa = PBXFileReference; lastKnownFileType = sourcecode.swift; path = QRCodeLoginModelTests.swift; sourceTree = "<group>"; };
		AF964DFA22EC59CD00F70290 /* QRCodeReaderRx.app */ = {isa = PBXFileReference; explicitFileType = wrapper.application; includeInIndex = 0; path = QRCodeReaderRx.app; sourceTree = BUILT_PRODUCTS_DIR; };
		AF964DFD22EC59CD00F70290 /* AppDelegate.swift */ = {isa = PBXFileReference; lastKnownFileType = sourcecode.swift; path = AppDelegate.swift; sourceTree = "<group>"; };
		AF964E0222EC59CD00F70290 /* Base */ = {isa = PBXFileReference; lastKnownFileType = file.storyboard; name = Base; path = Base.lproj/Main.storyboard; sourceTree = "<group>"; };
		AF964E0522EC59CD00F70290 /* QRCodeReaderRx.xcdatamodel */ = {isa = PBXFileReference; lastKnownFileType = wrapper.xcdatamodel; path = QRCodeReaderRx.xcdatamodel; sourceTree = "<group>"; };
		AF964E0722EC59CF00F70290 /* Assets.xcassets */ = {isa = PBXFileReference; lastKnownFileType = folder.assetcatalog; path = Assets.xcassets; sourceTree = "<group>"; };
		AF964E0A22EC59CF00F70290 /* Base */ = {isa = PBXFileReference; lastKnownFileType = file.storyboard; name = Base; path = Base.lproj/LaunchScreen.storyboard; sourceTree = "<group>"; };
		AF964E0C22EC59CF00F70290 /* Info.plist */ = {isa = PBXFileReference; lastKnownFileType = text.plist.xml; path = Info.plist; sourceTree = "<group>"; };
		AF964E1122EC59D000F70290 /* QRCodeReaderRxTests.xctest */ = {isa = PBXFileReference; explicitFileType = wrapper.cfbundle; includeInIndex = 0; path = QRCodeReaderRxTests.xctest; sourceTree = BUILT_PRODUCTS_DIR; };
		AF964E1522EC59D000F70290 /* QRCodeReaderRxTests.swift */ = {isa = PBXFileReference; lastKnownFileType = sourcecode.swift; path = QRCodeReaderRxTests.swift; sourceTree = "<group>"; };
		AF964E1722EC59D000F70290 /* Info.plist */ = {isa = PBXFileReference; lastKnownFileType = text.plist.xml; path = Info.plist; sourceTree = "<group>"; };
		AF964E1C22EC59D000F70290 /* QRCodeReaderRxUITests.xctest */ = {isa = PBXFileReference; explicitFileType = wrapper.cfbundle; includeInIndex = 0; path = QRCodeReaderRxUITests.xctest; sourceTree = BUILT_PRODUCTS_DIR; };
		AF964E2022EC59D000F70290 /* QRCodeReaderRxUITests.swift */ = {isa = PBXFileReference; lastKnownFileType = sourcecode.swift; path = QRCodeReaderRxUITests.swift; sourceTree = "<group>"; };
		AF964E2222EC59D000F70290 /* Info.plist */ = {isa = PBXFileReference; lastKnownFileType = text.plist.xml; path = Info.plist; sourceTree = "<group>"; };
		AF964E2E22EC5BBD00F70290 /* .swiftlint.yml */ = {isa = PBXFileReference; lastKnownFileType = text; path = .swiftlint.yml; sourceTree = "<group>"; };
		AF9DA28222F0516200DFBDB8 /* QRCodeLoginViewModelProtocol.swift */ = {isa = PBXFileReference; lastKnownFileType = sourcecode.swift; path = QRCodeLoginViewModelProtocol.swift; sourceTree = "<group>"; };
		AF9DA28422F0518100DFBDB8 /* QRCodeLoginModelProtocol.swift */ = {isa = PBXFileReference; lastKnownFileType = sourcecode.swift; path = QRCodeLoginModelProtocol.swift; sourceTree = "<group>"; };
		B0B99153B1BE742B65B4EDC2 /* Pods_QRCodeReaderRxTests.framework */ = {isa = PBXFileReference; explicitFileType = wrapper.framework; includeInIndex = 0; path = Pods_QRCodeReaderRxTests.framework; sourceTree = BUILT_PRODUCTS_DIR; };
		C178D9FC46924B6221180FA9 /* Pods-QRCodeReaderRxTests.release.xcconfig */ = {isa = PBXFileReference; includeInIndex = 1; lastKnownFileType = text.xcconfig; name = "Pods-QRCodeReaderRxTests.release.xcconfig"; path = "Target Support Files/Pods-QRCodeReaderRxTests/Pods-QRCodeReaderRxTests.release.xcconfig"; sourceTree = "<group>"; };
		C63892D28281DEB49173B1C8 /* Pods-QRCodeReaderRxUITests.debug.xcconfig */ = {isa = PBXFileReference; includeInIndex = 1; lastKnownFileType = text.xcconfig; name = "Pods-QRCodeReaderRxUITests.debug.xcconfig"; path = "Target Support Files/Pods-QRCodeReaderRxUITests/Pods-QRCodeReaderRxUITests.debug.xcconfig"; sourceTree = "<group>"; };
		D873DEB46D1E27858B77C4C1 /* Pods-QRCodeReaderRx.release.xcconfig */ = {isa = PBXFileReference; includeInIndex = 1; lastKnownFileType = text.xcconfig; name = "Pods-QRCodeReaderRx.release.xcconfig"; path = "Target Support Files/Pods-QRCodeReaderRx/Pods-QRCodeReaderRx.release.xcconfig"; sourceTree = "<group>"; };
		DF9DBC2CDBF4E4B505AEE6DE /* Pods_QRCodeReaderRxUITests.framework */ = {isa = PBXFileReference; explicitFileType = wrapper.framework; includeInIndex = 0; path = Pods_QRCodeReaderRxUITests.framework; sourceTree = BUILT_PRODUCTS_DIR; };
		E15DE6CA40406EBB14842BD6 /* Pods-QRCodeReaderRx.debug.xcconfig */ = {isa = PBXFileReference; includeInIndex = 1; lastKnownFileType = text.xcconfig; name = "Pods-QRCodeReaderRx.debug.xcconfig"; path = "Target Support Files/Pods-QRCodeReaderRx/Pods-QRCodeReaderRx.debug.xcconfig"; sourceTree = "<group>"; };
/* End PBXFileReference section */

/* Begin PBXFrameworksBuildPhase section */
		AF964DF722EC59CD00F70290 /* Frameworks */ = {
			isa = PBXFrameworksBuildPhase;
			buildActionMask = 2147483647;
			files = (
				04D1C9B22309730D006FD8F7 /* WebKit.framework in Frameworks */,
				921A4B1ED9D8B107F1722EA9 /* Pods_QRCodeReaderRx.framework in Frameworks */,
			);
			runOnlyForDeploymentPostprocessing = 0;
		};
		AF964E0E22EC59D000F70290 /* Frameworks */ = {
			isa = PBXFrameworksBuildPhase;
			buildActionMask = 2147483647;
			files = (
				0589311D3E4ECBA7F76525B4 /* Pods_QRCodeReaderRxTests.framework in Frameworks */,
			);
			runOnlyForDeploymentPostprocessing = 0;
		};
		AF964E1922EC59D000F70290 /* Frameworks */ = {
			isa = PBXFrameworksBuildPhase;
			buildActionMask = 2147483647;
			files = (
				C00D83CDFEE2BE346B9645D1 /* Pods_QRCodeReaderRxUITests.framework in Frameworks */,
			);
			runOnlyForDeploymentPostprocessing = 0;
		};
/* End PBXFrameworksBuildPhase section */

/* Begin PBXGroup section */
		046E201F23A463FC001A9C13 /* Extension */ = {
			isa = PBXGroup;
			children = (
				046E202023A463FC001A9C13 /* UIAlertControllerExtension.swift */,
				046E202123A463FC001A9C13 /* UIViewControllerExtension.swift */,
				046E202223A463FC001A9C13 /* BundleExtension.swift */,
			);
			path = Extension;
			sourceTree = "<group>";
		};
		046F7C1122FAF2AF00860B62 /* Extension */ = {
			isa = PBXGroup;
			children = (
				046F7C1622FAF8B900860B62 /* UIAlertControllerExtension.swift */,
				046F7C0F22FAF29D00860B62 /* UIViewControllerExtension.swift */,
				04D1C9AD23096DDC006FD8F7 /* BundleExtension.swift */,
			);
			path = Extension;
			sourceTree = "<group>";
		};
		04B6B56723003BA500223781 /* Screens */ = {
			isa = PBXGroup;
			children = (
				04B6B56823003BD700223781 /* QRCodeLoginScreen.swift */,
			);
			path = Screens;
			sourceTree = "<group>";
		};
		6E507D7841750582BC832DFF /* Frameworks */ = {
			isa = PBXGroup;
			children = (
				04D1C9B12309730B006FD8F7 /* WebKit.framework */,
				AA79E9B20BAFB76BC4CA6BA7 /* Pods_QRCodeReaderRx.framework */,
				B0B99153B1BE742B65B4EDC2 /* Pods_QRCodeReaderRxTests.framework */,
				DF9DBC2CDBF4E4B505AEE6DE /* Pods_QRCodeReaderRxUITests.framework */,
			);
			name = Frameworks;
			sourceTree = "<group>";
		};
		87AF42B38B04871C2E014BEA /* Pods */ = {
			isa = PBXGroup;
			children = (
				E15DE6CA40406EBB14842BD6 /* Pods-QRCodeReaderRx.debug.xcconfig */,
				D873DEB46D1E27858B77C4C1 /* Pods-QRCodeReaderRx.release.xcconfig */,
				4CAFC956DB5D3DBBD41BF810 /* Pods-QRCodeReaderRxTests.debug.xcconfig */,
				C178D9FC46924B6221180FA9 /* Pods-QRCodeReaderRxTests.release.xcconfig */,
				C63892D28281DEB49173B1C8 /* Pods-QRCodeReaderRxUITests.debug.xcconfig */,
				68C78582D043E4D9815B5A52 /* Pods-QRCodeReaderRxUITests.release.xcconfig */,
			);
			path = Pods;
			sourceTree = "<group>";
		};
		AF39431522ED6E6F0015EBDD /* Service */ = {
			isa = PBXGroup;
			children = (
				AF39431622ED6E6F0015EBDD /* Result */,
				AF39431922ED6E6F0015EBDD /* Networking */,
			);
			path = Service;
			sourceTree = "<group>";
		};
		AF39431622ED6E6F0015EBDD /* Result */ = {
			isa = PBXGroup;
			children = (
				AF39431722ED6E6F0015EBDD /* Result.swift */,
				AF39431822ED6E6F0015EBDD /* ErrorResult.swift */,
			);
			path = Result;
			sourceTree = "<group>";
		};
		AF39431922ED6E6F0015EBDD /* Networking */ = {
			isa = PBXGroup;
			children = (
				AF39431A22ED6E6F0015EBDD /* NetworkingError.swift */,
				AF39431B22ED6E6F0015EBDD /* WebServiceProtocol.swift */,
				AF39431C22ED6E6F0015EBDD /* WebService.swift */,
			);
			path = Networking;
			sourceTree = "<group>";
		};
		AF39432A22ED6EE30015EBDD /* Models */ = {
			isa = PBXGroup;
			children = (
				AF9DA28422F0518100DFBDB8 /* QRCodeLoginModelProtocol.swift */,
				AF39431322ED65700015EBDD /* QRCodeLoginModel.swift */,
				046F7C1822FAF91B00860B62 /* AlertAction.swift */,
			);
			path = Models;
			sourceTree = "<group>";
		};
		AF39432B22ED6EF30015EBDD /* ViewModel */ = {
			isa = PBXGroup;
			children = (
				AF9DA28222F0516200DFBDB8 /* QRCodeLoginViewModelProtocol.swift */,
				AF39430F22ED65460015EBDD /* QRCodeLoginViewModel.swift */,
			);
			path = ViewModel;
			sourceTree = "<group>";
		};
		AF39432C22ED6F040015EBDD /* ViewControllers */ = {
			isa = PBXGroup;
			children = (
				AF39431122ED655C0015EBDD /* QRCodeLoginViewController.swift */,
			);
			path = ViewControllers;
			sourceTree = "<group>";
		};
		AF39432D22ED6F140015EBDD /* AppDelegate */ = {
			isa = PBXGroup;
			children = (
				AF964DFD22EC59CD00F70290 /* AppDelegate.swift */,
			);
			path = AppDelegate;
			sourceTree = "<group>";
		};
		AF39432E22ED6F240015EBDD /* Storyboards */ = {
			isa = PBXGroup;
			children = (
				AF964E0122EC59CD00F70290 /* Main.storyboard */,
				AF964E0922EC59CF00F70290 /* LaunchScreen.storyboard */,
			);
			path = Storyboards;
			sourceTree = "<group>";
		};
		AF39432F22ED6F320015EBDD /* Resources */ = {
			isa = PBXGroup;
			children = (
				AF964E0722EC59CF00F70290 /* Assets.xcassets */,
				04D1C9AF23097058006FD8F7 /* instruction.html */,
			);
			path = Resources;
			sourceTree = "<group>";
		};
		AF39433022ED6F950015EBDD /* APIHandler */ = {
			isa = PBXGroup;
			children = (
				AF39433322ED6FF10015EBDD /* QRCodeReaderHandlerProtocol.swift */,
				AF39433122ED6FD10015EBDD /* QRCodeReaderHandler.swift */,
			);
			path = APIHandler;
			sourceTree = "<group>";
		};
		AF39433522ED707F0015EBDD /* Utility */ = {
			isa = PBXGroup;
			children = (
				046E201F23A463FC001A9C13 /* Extension */,
				AF39433822ED70F50015EBDD /* AVFoundationHelperProtocolRx.swift */,
				AF39433A22ED71030015EBDD /* AVFoundationHelperRx.swift */,
				AF39433C22ED71330015EBDD /* CameraStatus.swift */,
			);
			path = Utility;
			sourceTree = "<group>";
		};
		AF9590C922F31FD300F0E16E /* Mocks */ = {
			isa = PBXGroup;
			children = (
				AF9590CC22F3214E00F0E16E /* GeneratedMocks.swift */,
				046F7C1222FAF44800860B62 /* ManualMocks.swift */,
			);
			path = Mocks;
			sourceTree = "<group>";
		};
		AF964DF122EC59CD00F70290 = {
			isa = PBXGroup;
			children = (
				AF964E2E22EC5BBD00F70290 /* .swiftlint.yml */,
				AF9590C722F31E0200F0E16E /* Cuckoo-GeneratedMocks.sh */,
				AF964DFC22EC59CD00F70290 /* QRCodeReaderRx */,
				AF964E1422EC59D000F70290 /* QRCodeReaderRxTests */,
				AF964E1F22EC59D000F70290 /* QRCodeReaderRxUITests */,
				AF964DFB22EC59CD00F70290 /* Products */,
				87AF42B38B04871C2E014BEA /* Pods */,
				6E507D7841750582BC832DFF /* Frameworks */,
			);
			sourceTree = "<group>";
		};
		AF964DFB22EC59CD00F70290 /* Products */ = {
			isa = PBXGroup;
			children = (
				AF964DFA22EC59CD00F70290 /* QRCodeReaderRx.app */,
				AF964E1122EC59D000F70290 /* QRCodeReaderRxTests.xctest */,
				AF964E1C22EC59D000F70290 /* QRCodeReaderRxUITests.xctest */,
			);
			name = Products;
			sourceTree = "<group>";
		};
		AF964DFC22EC59CD00F70290 /* QRCodeReaderRx */ = {
			isa = PBXGroup;
			children = (
				AF39432D22ED6F140015EBDD /* AppDelegate */,
				AF39432A22ED6EE30015EBDD /* Models */,
				AF39432B22ED6EF30015EBDD /* ViewModel */,
				AF39432C22ED6F040015EBDD /* ViewControllers */,
				AF39433522ED707F0015EBDD /* Utility */,
				AF39433022ED6F950015EBDD /* APIHandler */,
				AF39431522ED6E6F0015EBDD /* Service */,
				AF39432E22ED6F240015EBDD /* Storyboards */,
				AF39432F22ED6F320015EBDD /* Resources */,
				046F7C1122FAF2AF00860B62 /* Extension */,
				AF964E0C22EC59CF00F70290 /* Info.plist */,
				AF964E0422EC59CD00F70290 /* QRCodeReaderRx.xcdatamodeld */,
			);
			path = QRCodeReaderRx;
			sourceTree = "<group>";
		};
		AF964E1422EC59D000F70290 /* QRCodeReaderRxTests */ = {
			isa = PBXGroup;
			children = (
				AF9590C922F31FD300F0E16E /* Mocks */,
				AF9590C522F31D3F00F0E16E /* QRCodeLoginViewModelTests.swift */,
				AF9590D422F3248300F0E16E /* QRCodeLoginModelTests.swift */,
				AF964E1522EC59D000F70290 /* QRCodeReaderRxTests.swift */,
				AF964E1722EC59D000F70290 /* Info.plist */,
			);
			path = QRCodeReaderRxTests;
			sourceTree = "<group>";
		};
		AF964E1F22EC59D000F70290 /* QRCodeReaderRxUITests */ = {
			isa = PBXGroup;
			children = (
				0425F224230BE70400D7A44D /* TestingScreen.swift */,
				0425F226230BE73800D7A44D /* TestingBase.swift */,
				04B6B56723003BA500223781 /* Screens */,
				AF964E2022EC59D000F70290 /* QRCodeReaderRxUITests.swift */,
				AF964E2222EC59D000F70290 /* Info.plist */,
			);
			path = QRCodeReaderRxUITests;
			sourceTree = "<group>";
		};
/* End PBXGroup section */

/* Begin PBXNativeTarget section */
		AF964DF922EC59CD00F70290 /* QRCodeReaderRx */ = {
			isa = PBXNativeTarget;
			buildConfigurationList = AF964E2522EC59D000F70290 /* Build configuration list for PBXNativeTarget "QRCodeReaderRx" */;
			buildPhases = (
				7760246C9DE2BCC4232FF714 /* [CP] Check Pods Manifest.lock */,
				AF964DF622EC59CD00F70290 /* Sources */,
				AF964DF722EC59CD00F70290 /* Frameworks */,
				AF964DF822EC59CD00F70290 /* Resources */,
				D14A3665BA4BFC3C58273C37 /* [CP] Embed Pods Frameworks */,
				04301DE6231FDA5D0045D2EE /* Run SwiftLint Script */,
			);
			buildRules = (
			);
			dependencies = (
			);
			name = QRCodeReaderRx;
			productName = QRCodeReaderRx;
			productReference = AF964DFA22EC59CD00F70290 /* QRCodeReaderRx.app */;
			productType = "com.apple.product-type.application";
		};
		AF964E1022EC59D000F70290 /* QRCodeReaderRxTests */ = {
			isa = PBXNativeTarget;
			buildConfigurationList = AF964E2822EC59D000F70290 /* Build configuration list for PBXNativeTarget "QRCodeReaderRxTests" */;
			buildPhases = (
				894140FCF9F983919440CDC9 /* [CP] Check Pods Manifest.lock */,
				AF964E0D22EC59D000F70290 /* Sources */,
				AF964E0E22EC59D000F70290 /* Frameworks */,
				AF964E0F22EC59D000F70290 /* Resources */,
				AFEBC53990EB3A408C273928 /* [CP] Embed Pods Frameworks */,
			);
			buildRules = (
			);
			dependencies = (
				AF964E1322EC59D000F70290 /* PBXTargetDependency */,
			);
			name = QRCodeReaderRxTests;
			productName = QRCodeReaderRxTests;
			productReference = AF964E1122EC59D000F70290 /* QRCodeReaderRxTests.xctest */;
			productType = "com.apple.product-type.bundle.unit-test";
		};
		AF964E1B22EC59D000F70290 /* QRCodeReaderRxUITests */ = {
			isa = PBXNativeTarget;
			buildConfigurationList = AF964E2B22EC59D000F70290 /* Build configuration list for PBXNativeTarget "QRCodeReaderRxUITests" */;
			buildPhases = (
				1B05E4DA4D8203B6379B40E4 /* [CP] Check Pods Manifest.lock */,
				AF964E1822EC59D000F70290 /* Sources */,
				AF964E1922EC59D000F70290 /* Frameworks */,
				AF964E1A22EC59D000F70290 /* Resources */,
				04B6B5642300269500223781 /* ShellScript */,
				A3668E85523DD70112FE6D06 /* [CP] Embed Pods Frameworks */,
			);
			buildRules = (
			);
			dependencies = (
				AF964E1E22EC59D000F70290 /* PBXTargetDependency */,
			);
			name = QRCodeReaderRxUITests;
			productName = QRCodeReaderRxUITests;
			productReference = AF964E1C22EC59D000F70290 /* QRCodeReaderRxUITests.xctest */;
			productType = "com.apple.product-type.bundle.ui-testing";
		};
/* End PBXNativeTarget section */

/* Begin PBXProject section */
		AF964DF222EC59CD00F70290 /* Project object */ = {
			isa = PBXProject;
			attributes = {
				LastSwiftUpdateCheck = 1030;
				LastUpgradeCheck = 1030;
				ORGANIZATIONNAME = NischalHada;
				TargetAttributes = {
					AF964DF922EC59CD00F70290 = {
						CreatedOnToolsVersion = 10.3;
					};
					AF964E1022EC59D000F70290 = {
						CreatedOnToolsVersion = 10.3;
						TestTargetID = AF964DF922EC59CD00F70290;
					};
					AF964E1B22EC59D000F70290 = {
						CreatedOnToolsVersion = 10.3;
						TestTargetID = AF964DF922EC59CD00F70290;
					};
				};
			};
			buildConfigurationList = AF964DF522EC59CD00F70290 /* Build configuration list for PBXProject "QRCodeReaderRx" */;
			compatibilityVersion = "Xcode 9.3";
			developmentRegion = en;
			hasScannedForEncodings = 0;
			knownRegions = (
				en,
				Base,
			);
			mainGroup = AF964DF122EC59CD00F70290;
			productRefGroup = AF964DFB22EC59CD00F70290 /* Products */;
			projectDirPath = "";
			projectRoot = "";
			targets = (
				AF964DF922EC59CD00F70290 /* QRCodeReaderRx */,
				AF964E1022EC59D000F70290 /* QRCodeReaderRxTests */,
				AF964E1B22EC59D000F70290 /* QRCodeReaderRxUITests */,
			);
		};
/* End PBXProject section */

/* Begin PBXResourcesBuildPhase section */
		AF964DF822EC59CD00F70290 /* Resources */ = {
			isa = PBXResourcesBuildPhase;
			buildActionMask = 2147483647;
			files = (
				AF964E2F22EC5BBD00F70290 /* .swiftlint.yml in Resources */,
				AF964E0B22EC59CF00F70290 /* LaunchScreen.storyboard in Resources */,
				AF964E0822EC59CF00F70290 /* Assets.xcassets in Resources */,
				04D1C9B023097058006FD8F7 /* instruction.html in Resources */,
				AF964E0322EC59CD00F70290 /* Main.storyboard in Resources */,
			);
			runOnlyForDeploymentPostprocessing = 0;
		};
		AF964E0F22EC59D000F70290 /* Resources */ = {
			isa = PBXResourcesBuildPhase;
			buildActionMask = 2147483647;
			files = (
			);
			runOnlyForDeploymentPostprocessing = 0;
		};
		AF964E1A22EC59D000F70290 /* Resources */ = {
			isa = PBXResourcesBuildPhase;
			buildActionMask = 2147483647;
			files = (
			);
			runOnlyForDeploymentPostprocessing = 0;
		};
/* End PBXResourcesBuildPhase section */

/* Begin PBXShellScriptBuildPhase section */
		04301DE6231FDA5D0045D2EE /* Run SwiftLint Script */ = {
			isa = PBXShellScriptBuildPhase;
			buildActionMask = 2147483647;
			files = (
			);
			inputFileListPaths = (
			);
			inputPaths = (
			);
			name = "Run SwiftLint Script";
			outputFileListPaths = (
			);
			outputPaths = (
			);
			runOnlyForDeploymentPostprocessing = 0;
			shellPath = /bin/sh;
			shellScript = "if which swiftlint >/dev/null; then\nswiftlint\nelse\necho \"warning: SwiftLint not installed, download from https://github.com/realm/SwiftLint\"\nfi\n";
		};
		04B6B5642300269500223781 /* ShellScript */ = {
			isa = PBXShellScriptBuildPhase;
			buildActionMask = 2147483647;
			files = (
			);
			inputFileListPaths = (
			);
			inputPaths = (
			);
			outputFileListPaths = (
			);
			outputPaths = (
			);
			runOnlyForDeploymentPostprocessing = 0;
			shellPath = /bin/sh;
			shellScript = "\"${PODS_ROOT}/Target Support Files/Pods-QRCodeReaderRx/Pods-QRCodeReaderRx-frameworks.sh\"\n";
		};
		1B05E4DA4D8203B6379B40E4 /* [CP] Check Pods Manifest.lock */ = {
			isa = PBXShellScriptBuildPhase;
			buildActionMask = 2147483647;
			files = (
			);
			inputFileListPaths = (
			);
			inputPaths = (
				"${PODS_PODFILE_DIR_PATH}/Podfile.lock",
				"${PODS_ROOT}/Manifest.lock",
			);
			name = "[CP] Check Pods Manifest.lock";
			outputFileListPaths = (
			);
			outputPaths = (
				"$(DERIVED_FILE_DIR)/Pods-QRCodeReaderRxUITests-checkManifestLockResult.txt",
			);
			runOnlyForDeploymentPostprocessing = 0;
			shellPath = /bin/sh;
			shellScript = "diff \"${PODS_PODFILE_DIR_PATH}/Podfile.lock\" \"${PODS_ROOT}/Manifest.lock\" > /dev/null\nif [ $? != 0 ] ; then\n    # print error to STDERR\n    echo \"error: The sandbox is not in sync with the Podfile.lock. Run 'pod install' or update your CocoaPods installation.\" >&2\n    exit 1\nfi\n# This output is used by Xcode 'outputs' to avoid re-running this script phase.\necho \"SUCCESS\" > \"${SCRIPT_OUTPUT_FILE_0}\"\n";
			showEnvVarsInLog = 0;
		};
		7760246C9DE2BCC4232FF714 /* [CP] Check Pods Manifest.lock */ = {
			isa = PBXShellScriptBuildPhase;
			buildActionMask = 2147483647;
			files = (
			);
			inputFileListPaths = (
			);
			inputPaths = (
				"${PODS_PODFILE_DIR_PATH}/Podfile.lock",
				"${PODS_ROOT}/Manifest.lock",
			);
			name = "[CP] Check Pods Manifest.lock";
			outputFileListPaths = (
			);
			outputPaths = (
				"$(DERIVED_FILE_DIR)/Pods-QRCodeReaderRx-checkManifestLockResult.txt",
			);
			runOnlyForDeploymentPostprocessing = 0;
			shellPath = /bin/sh;
			shellScript = "diff \"${PODS_PODFILE_DIR_PATH}/Podfile.lock\" \"${PODS_ROOT}/Manifest.lock\" > /dev/null\nif [ $? != 0 ] ; then\n    # print error to STDERR\n    echo \"error: The sandbox is not in sync with the Podfile.lock. Run 'pod install' or update your CocoaPods installation.\" >&2\n    exit 1\nfi\n# This output is used by Xcode 'outputs' to avoid re-running this script phase.\necho \"SUCCESS\" > \"${SCRIPT_OUTPUT_FILE_0}\"\n";
			showEnvVarsInLog = 0;
		};
		894140FCF9F983919440CDC9 /* [CP] Check Pods Manifest.lock */ = {
			isa = PBXShellScriptBuildPhase;
			buildActionMask = 2147483647;
			files = (
			);
			inputFileListPaths = (
			);
			inputPaths = (
				"${PODS_PODFILE_DIR_PATH}/Podfile.lock",
				"${PODS_ROOT}/Manifest.lock",
			);
			name = "[CP] Check Pods Manifest.lock";
			outputFileListPaths = (
			);
			outputPaths = (
				"$(DERIVED_FILE_DIR)/Pods-QRCodeReaderRxTests-checkManifestLockResult.txt",
			);
			runOnlyForDeploymentPostprocessing = 0;
			shellPath = /bin/sh;
			shellScript = "diff \"${PODS_PODFILE_DIR_PATH}/Podfile.lock\" \"${PODS_ROOT}/Manifest.lock\" > /dev/null\nif [ $? != 0 ] ; then\n    # print error to STDERR\n    echo \"error: The sandbox is not in sync with the Podfile.lock. Run 'pod install' or update your CocoaPods installation.\" >&2\n    exit 1\nfi\n# This output is used by Xcode 'outputs' to avoid re-running this script phase.\necho \"SUCCESS\" > \"${SCRIPT_OUTPUT_FILE_0}\"\n";
			showEnvVarsInLog = 0;
		};
		A3668E85523DD70112FE6D06 /* [CP] Embed Pods Frameworks */ = {
			isa = PBXShellScriptBuildPhase;
			buildActionMask = 2147483647;
			files = (
			);
			inputFileListPaths = (
				"${PODS_ROOT}/Target Support Files/Pods-QRCodeReaderRxUITests/Pods-QRCodeReaderRxUITests-frameworks-${CONFIGURATION}-input-files.xcfilelist",
			);
			name = "[CP] Embed Pods Frameworks";
			outputFileListPaths = (
				"${PODS_ROOT}/Target Support Files/Pods-QRCodeReaderRxUITests/Pods-QRCodeReaderRxUITests-frameworks-${CONFIGURATION}-output-files.xcfilelist",
			);
			runOnlyForDeploymentPostprocessing = 0;
			shellPath = /bin/sh;
			shellScript = "\"${PODS_ROOT}/Target Support Files/Pods-QRCodeReaderRxUITests/Pods-QRCodeReaderRxUITests-frameworks.sh\"\n";
			showEnvVarsInLog = 0;
		};
		AFEBC53990EB3A408C273928 /* [CP] Embed Pods Frameworks */ = {
			isa = PBXShellScriptBuildPhase;
			buildActionMask = 2147483647;
			files = (
			);
			inputFileListPaths = (
				"${PODS_ROOT}/Target Support Files/Pods-QRCodeReaderRxTests/Pods-QRCodeReaderRxTests-frameworks-${CONFIGURATION}-input-files.xcfilelist",
			);
			name = "[CP] Embed Pods Frameworks";
			outputFileListPaths = (
				"${PODS_ROOT}/Target Support Files/Pods-QRCodeReaderRxTests/Pods-QRCodeReaderRxTests-frameworks-${CONFIGURATION}-output-files.xcfilelist",
			);
			runOnlyForDeploymentPostprocessing = 0;
			shellPath = /bin/sh;
			shellScript = "\"${PODS_ROOT}/Target Support Files/Pods-QRCodeReaderRxTests/Pods-QRCodeReaderRxTests-frameworks.sh\"\n";
			showEnvVarsInLog = 0;
		};
		D14A3665BA4BFC3C58273C37 /* [CP] Embed Pods Frameworks */ = {
			isa = PBXShellScriptBuildPhase;
			buildActionMask = 2147483647;
			files = (
			);
			inputFileListPaths = (
				"${PODS_ROOT}/Target Support Files/Pods-QRCodeReaderRx/Pods-QRCodeReaderRx-frameworks-${CONFIGURATION}-input-files.xcfilelist",
			);
			name = "[CP] Embed Pods Frameworks";
			outputFileListPaths = (
				"${PODS_ROOT}/Target Support Files/Pods-QRCodeReaderRx/Pods-QRCodeReaderRx-frameworks-${CONFIGURATION}-output-files.xcfilelist",
			);
			runOnlyForDeploymentPostprocessing = 0;
			shellPath = /bin/sh;
			shellScript = "\"${PODS_ROOT}/Target Support Files/Pods-QRCodeReaderRx/Pods-QRCodeReaderRx-frameworks.sh\"\n";
			showEnvVarsInLog = 0;
		};
/* End PBXShellScriptBuildPhase section */

/* Begin PBXSourcesBuildPhase section */
		AF964DF622EC59CD00F70290 /* Sources */ = {
			isa = PBXSourcesBuildPhase;
			buildActionMask = 2147483647;
			files = (
				AF39433922ED70F50015EBDD /* AVFoundationHelperProtocolRx.swift in Sources */,
				AF39432222ED6E6F0015EBDD /* Result.swift in Sources */,
				046F7C1022FAF29D00860B62 /* UIViewControllerExtension.swift in Sources */,
				AF39431022ED65460015EBDD /* QRCodeLoginViewModel.swift in Sources */,
				AF39432422ED6E6F0015EBDD /* NetworkingError.swift in Sources */,
				AF39433422ED6FF10015EBDD /* QRCodeReaderHandlerProtocol.swift in Sources */,
				AF964DFE22EC59CD00F70290 /* AppDelegate.swift in Sources */,
				046E202423A463FC001A9C13 /* UIViewControllerExtension.swift in Sources */,
				AF39432322ED6E6F0015EBDD /* ErrorResult.swift in Sources */,
				AF964E0622EC59CD00F70290 /* QRCodeReaderRx.xcdatamodeld in Sources */,
				AF9DA28522F0518100DFBDB8 /* QRCodeLoginModelProtocol.swift in Sources */,
				046F7C1922FAF91B00860B62 /* AlertAction.swift in Sources */,
				AF39432522ED6E6F0015EBDD /* WebServiceProtocol.swift in Sources */,
				AF39433222ED6FD10015EBDD /* QRCodeReaderHandler.swift in Sources */,
				AF9DA28322F0516200DFBDB8 /* QRCodeLoginViewModelProtocol.swift in Sources */,
				046F7C1722FAF8B900860B62 /* UIAlertControllerExtension.swift in Sources */,
				AF39431222ED655C0015EBDD /* QRCodeLoginViewController.swift in Sources */,
				AF39433B22ED71030015EBDD /* AVFoundationHelperRx.swift in Sources */,
				04D1C9AE23096DDC006FD8F7 /* BundleExtension.swift in Sources */,
				046E202323A463FC001A9C13 /* UIAlertControllerExtension.swift in Sources */,
				AF39432622ED6E6F0015EBDD /* WebService.swift in Sources */,
				AF39431422ED65700015EBDD /* QRCodeLoginModel.swift in Sources */,
				AF39433D22ED71330015EBDD /* CameraStatus.swift in Sources */,
				046E202523A463FC001A9C13 /* BundleExtension.swift in Sources */,
			);
			runOnlyForDeploymentPostprocessing = 0;
		};
		AF964E0D22EC59D000F70290 /* Sources */ = {
			isa = PBXSourcesBuildPhase;
			buildActionMask = 2147483647;
			files = (
				AF9590C622F31D3F00F0E16E /* QRCodeLoginViewModelTests.swift in Sources */,
				AF9590D522F3248300F0E16E /* QRCodeLoginModelTests.swift in Sources */,
				AF9590CD22F3214F00F0E16E /* GeneratedMocks.swift in Sources */,
				046F7C1322FAF44800860B62 /* ManualMocks.swift in Sources */,
				AF964E1622EC59D000F70290 /* QRCodeReaderRxTests.swift in Sources */,
			);
			runOnlyForDeploymentPostprocessing = 0;
		};
		AF964E1822EC59D000F70290 /* Sources */ = {
			isa = PBXSourcesBuildPhase;
			buildActionMask = 2147483647;
			files = (
				0425F225230BE70400D7A44D /* TestingScreen.swift in Sources */,
				0425F227230BE73800D7A44D /* TestingBase.swift in Sources */,
				AF964E2122EC59D000F70290 /* QRCodeReaderRxUITests.swift in Sources */,
				04B6B56923003BD700223781 /* QRCodeLoginScreen.swift in Sources */,
			);
			runOnlyForDeploymentPostprocessing = 0;
		};
/* End PBXSourcesBuildPhase section */

/* Begin PBXTargetDependency section */
		AF964E1322EC59D000F70290 /* PBXTargetDependency */ = {
			isa = PBXTargetDependency;
			target = AF964DF922EC59CD00F70290 /* QRCodeReaderRx */;
			targetProxy = AF964E1222EC59D000F70290 /* PBXContainerItemProxy */;
		};
		AF964E1E22EC59D000F70290 /* PBXTargetDependency */ = {
			isa = PBXTargetDependency;
			target = AF964DF922EC59CD00F70290 /* QRCodeReaderRx */;
			targetProxy = AF964E1D22EC59D000F70290 /* PBXContainerItemProxy */;
		};
/* End PBXTargetDependency section */

/* Begin PBXVariantGroup section */
		AF964E0122EC59CD00F70290 /* Main.storyboard */ = {
			isa = PBXVariantGroup;
			children = (
				AF964E0222EC59CD00F70290 /* Base */,
			);
			name = Main.storyboard;
			sourceTree = "<group>";
		};
		AF964E0922EC59CF00F70290 /* LaunchScreen.storyboard */ = {
			isa = PBXVariantGroup;
			children = (
				AF964E0A22EC59CF00F70290 /* Base */,
			);
			name = LaunchScreen.storyboard;
			sourceTree = "<group>";
		};
/* End PBXVariantGroup section */

/* Begin XCBuildConfiguration section */
		AF964E2322EC59D000F70290 /* Debug */ = {
			isa = XCBuildConfiguration;
			buildSettings = {
				ALWAYS_SEARCH_USER_PATHS = NO;
				CLANG_ANALYZER_NONNULL = YES;
				CLANG_ANALYZER_NUMBER_OBJECT_CONVERSION = YES_AGGRESSIVE;
				CLANG_CXX_LANGUAGE_STANDARD = "gnu++14";
				CLANG_CXX_LIBRARY = "libc++";
				CLANG_ENABLE_MODULES = YES;
				CLANG_ENABLE_OBJC_ARC = YES;
				CLANG_ENABLE_OBJC_WEAK = YES;
				CLANG_WARN_BLOCK_CAPTURE_AUTORELEASING = YES;
				CLANG_WARN_BOOL_CONVERSION = YES;
				CLANG_WARN_COMMA = YES;
				CLANG_WARN_CONSTANT_CONVERSION = YES;
				CLANG_WARN_DEPRECATED_OBJC_IMPLEMENTATIONS = YES;
				CLANG_WARN_DIRECT_OBJC_ISA_USAGE = YES_ERROR;
				CLANG_WARN_DOCUMENTATION_COMMENTS = YES;
				CLANG_WARN_EMPTY_BODY = YES;
				CLANG_WARN_ENUM_CONVERSION = YES;
				CLANG_WARN_INFINITE_RECURSION = YES;
				CLANG_WARN_INT_CONVERSION = YES;
				CLANG_WARN_NON_LITERAL_NULL_CONVERSION = YES;
				CLANG_WARN_OBJC_IMPLICIT_RETAIN_SELF = YES;
				CLANG_WARN_OBJC_LITERAL_CONVERSION = YES;
				CLANG_WARN_OBJC_ROOT_CLASS = YES_ERROR;
				CLANG_WARN_RANGE_LOOP_ANALYSIS = YES;
				CLANG_WARN_STRICT_PROTOTYPES = YES;
				CLANG_WARN_SUSPICIOUS_MOVE = YES;
				CLANG_WARN_UNGUARDED_AVAILABILITY = YES_AGGRESSIVE;
				CLANG_WARN_UNREACHABLE_CODE = YES;
				CLANG_WARN__DUPLICATE_METHOD_MATCH = YES;
				CODE_SIGN_IDENTITY = "iPhone Developer";
				COPY_PHASE_STRIP = NO;
				DEBUG_INFORMATION_FORMAT = dwarf;
				ENABLE_STRICT_OBJC_MSGSEND = YES;
				ENABLE_TESTABILITY = YES;
				GCC_C_LANGUAGE_STANDARD = gnu11;
				GCC_DYNAMIC_NO_PIC = NO;
				GCC_NO_COMMON_BLOCKS = YES;
				GCC_OPTIMIZATION_LEVEL = 0;
				GCC_PREPROCESSOR_DEFINITIONS = (
					"DEBUG=1",
					"$(inherited)",
				);
				GCC_WARN_64_TO_32_BIT_CONVERSION = YES;
				GCC_WARN_ABOUT_RETURN_TYPE = YES_ERROR;
				GCC_WARN_UNDECLARED_SELECTOR = YES;
				GCC_WARN_UNINITIALIZED_AUTOS = YES_AGGRESSIVE;
				GCC_WARN_UNUSED_FUNCTION = YES;
				GCC_WARN_UNUSED_VARIABLE = YES;
				IPHONEOS_DEPLOYMENT_TARGET = 12.4;
				MTL_ENABLE_DEBUG_INFO = INCLUDE_SOURCE;
				MTL_FAST_MATH = YES;
				ONLY_ACTIVE_ARCH = YES;
				SDKROOT = iphoneos;
				SWIFT_ACTIVE_COMPILATION_CONDITIONS = DEBUG;
				SWIFT_OPTIMIZATION_LEVEL = "-Onone";
			};
			name = Debug;
		};
		AF964E2422EC59D000F70290 /* Release */ = {
			isa = XCBuildConfiguration;
			buildSettings = {
				ALWAYS_SEARCH_USER_PATHS = NO;
				CLANG_ANALYZER_NONNULL = YES;
				CLANG_ANALYZER_NUMBER_OBJECT_CONVERSION = YES_AGGRESSIVE;
				CLANG_CXX_LANGUAGE_STANDARD = "gnu++14";
				CLANG_CXX_LIBRARY = "libc++";
				CLANG_ENABLE_MODULES = YES;
				CLANG_ENABLE_OBJC_ARC = YES;
				CLANG_ENABLE_OBJC_WEAK = YES;
				CLANG_WARN_BLOCK_CAPTURE_AUTORELEASING = YES;
				CLANG_WARN_BOOL_CONVERSION = YES;
				CLANG_WARN_COMMA = YES;
				CLANG_WARN_CONSTANT_CONVERSION = YES;
				CLANG_WARN_DEPRECATED_OBJC_IMPLEMENTATIONS = YES;
				CLANG_WARN_DIRECT_OBJC_ISA_USAGE = YES_ERROR;
				CLANG_WARN_DOCUMENTATION_COMMENTS = YES;
				CLANG_WARN_EMPTY_BODY = YES;
				CLANG_WARN_ENUM_CONVERSION = YES;
				CLANG_WARN_INFINITE_RECURSION = YES;
				CLANG_WARN_INT_CONVERSION = YES;
				CLANG_WARN_NON_LITERAL_NULL_CONVERSION = YES;
				CLANG_WARN_OBJC_IMPLICIT_RETAIN_SELF = YES;
				CLANG_WARN_OBJC_LITERAL_CONVERSION = YES;
				CLANG_WARN_OBJC_ROOT_CLASS = YES_ERROR;
				CLANG_WARN_RANGE_LOOP_ANALYSIS = YES;
				CLANG_WARN_STRICT_PROTOTYPES = YES;
				CLANG_WARN_SUSPICIOUS_MOVE = YES;
				CLANG_WARN_UNGUARDED_AVAILABILITY = YES_AGGRESSIVE;
				CLANG_WARN_UNREACHABLE_CODE = YES;
				CLANG_WARN__DUPLICATE_METHOD_MATCH = YES;
				CODE_SIGN_IDENTITY = "iPhone Developer";
				COPY_PHASE_STRIP = NO;
				DEBUG_INFORMATION_FORMAT = "dwarf-with-dsym";
				ENABLE_NS_ASSERTIONS = NO;
				ENABLE_STRICT_OBJC_MSGSEND = YES;
				GCC_C_LANGUAGE_STANDARD = gnu11;
				GCC_NO_COMMON_BLOCKS = YES;
				GCC_WARN_64_TO_32_BIT_CONVERSION = YES;
				GCC_WARN_ABOUT_RETURN_TYPE = YES_ERROR;
				GCC_WARN_UNDECLARED_SELECTOR = YES;
				GCC_WARN_UNINITIALIZED_AUTOS = YES_AGGRESSIVE;
				GCC_WARN_UNUSED_FUNCTION = YES;
				GCC_WARN_UNUSED_VARIABLE = YES;
				IPHONEOS_DEPLOYMENT_TARGET = 12.4;
				MTL_ENABLE_DEBUG_INFO = NO;
				MTL_FAST_MATH = YES;
				SDKROOT = iphoneos;
				SWIFT_COMPILATION_MODE = wholemodule;
				SWIFT_OPTIMIZATION_LEVEL = "-O";
				VALIDATE_PRODUCT = YES;
			};
			name = Release;
		};
		AF964E2622EC59D000F70290 /* Debug */ = {
			isa = XCBuildConfiguration;
			baseConfigurationReference = E15DE6CA40406EBB14842BD6 /* Pods-QRCodeReaderRx.debug.xcconfig */;
			buildSettings = {
				ASSETCATALOG_COMPILER_APPICON_NAME = AppIcon;
				CODE_SIGN_STYLE = Automatic;
				DEVELOPMENT_TEAM = 8K9W8TZ624;
				INFOPLIST_FILE = QRCodeReaderRx/Info.plist;
				IPHONEOS_DEPLOYMENT_TARGET = 12.4;
				LD_RUNPATH_SEARCH_PATHS = (
					"$(inherited)",
					"@executable_path/Frameworks",
				);
				PRODUCT_BUNDLE_IDENTIFIER = Nischalhada.QRCodeReaderRx;
				PRODUCT_NAME = "$(TARGET_NAME)";
				SWIFT_VERSION = 5.0;
				TARGETED_DEVICE_FAMILY = "1,2";
			};
			name = Debug;
		};
		AF964E2722EC59D000F70290 /* Release */ = {
			isa = XCBuildConfiguration;
			baseConfigurationReference = D873DEB46D1E27858B77C4C1 /* Pods-QRCodeReaderRx.release.xcconfig */;
			buildSettings = {
				ASSETCATALOG_COMPILER_APPICON_NAME = AppIcon;
				CODE_SIGN_STYLE = Automatic;
				DEVELOPMENT_TEAM = 8K9W8TZ624;
				INFOPLIST_FILE = QRCodeReaderRx/Info.plist;
				IPHONEOS_DEPLOYMENT_TARGET = 12.4;
				LD_RUNPATH_SEARCH_PATHS = (
					"$(inherited)",
					"@executable_path/Frameworks",
				);
				PRODUCT_BUNDLE_IDENTIFIER = Nischalhada.QRCodeReaderRx;
				PRODUCT_NAME = "$(TARGET_NAME)";
				SWIFT_VERSION = 5.0;
				TARGETED_DEVICE_FAMILY = "1,2";
			};
			name = Release;
		};
		AF964E2922EC59D000F70290 /* Debug */ = {
			isa = XCBuildConfiguration;
			baseConfigurationReference = 4CAFC956DB5D3DBBD41BF810 /* Pods-QRCodeReaderRxTests.debug.xcconfig */;
			buildSettings = {
				ALWAYS_EMBED_SWIFT_STANDARD_LIBRARIES = "$(inherited)";
				BUNDLE_LOADER = "$(TEST_HOST)";
				CODE_SIGN_STYLE = Automatic;
				DEVELOPMENT_TEAM = 8K9W8TZ624;
				INFOPLIST_FILE = QRCodeReaderRxTests/Info.plist;
				LD_RUNPATH_SEARCH_PATHS = (
					"$(inherited)",
					"@executable_path/Frameworks",
					"@loader_path/Frameworks",
				);
				PRODUCT_BUNDLE_IDENTIFIER = Nischalhada.QRCodeReaderRxTests;
				PRODUCT_NAME = "$(TARGET_NAME)";
				SWIFT_VERSION = 5.0;
				TARGETED_DEVICE_FAMILY = "1,2";
				TEST_HOST = "$(BUILT_PRODUCTS_DIR)/QRCodeReaderRx.app/QRCodeReaderRx";
			};
			name = Debug;
		};
		AF964E2A22EC59D000F70290 /* Release */ = {
			isa = XCBuildConfiguration;
			baseConfigurationReference = C178D9FC46924B6221180FA9 /* Pods-QRCodeReaderRxTests.release.xcconfig */;
			buildSettings = {
				ALWAYS_EMBED_SWIFT_STANDARD_LIBRARIES = "$(inherited)";
				BUNDLE_LOADER = "$(TEST_HOST)";
				CODE_SIGN_STYLE = Automatic;
				DEVELOPMENT_TEAM = 8K9W8TZ624;
				INFOPLIST_FILE = QRCodeReaderRxTests/Info.plist;
				LD_RUNPATH_SEARCH_PATHS = (
					"$(inherited)",
					"@executable_path/Frameworks",
					"@loader_path/Frameworks",
				);
				PRODUCT_BUNDLE_IDENTIFIER = Nischalhada.QRCodeReaderRxTests;
				PRODUCT_NAME = "$(TARGET_NAME)";
				SWIFT_VERSION = 5.0;
				TARGETED_DEVICE_FAMILY = "1,2";
				TEST_HOST = "$(BUILT_PRODUCTS_DIR)/QRCodeReaderRx.app/QRCodeReaderRx";
			};
			name = Release;
		};
		AF964E2C22EC59D000F70290 /* Debug */ = {
			isa = XCBuildConfiguration;
			baseConfigurationReference = C63892D28281DEB49173B1C8 /* Pods-QRCodeReaderRxUITests.debug.xcconfig */;
			buildSettings = {
				ALWAYS_EMBED_SWIFT_STANDARD_LIBRARIES = YES;
				CODE_SIGN_STYLE = Automatic;
				DEVELOPMENT_TEAM = 8K9W8TZ624;
				INFOPLIST_FILE = QRCodeReaderRxUITests/Info.plist;
				LD_RUNPATH_SEARCH_PATHS = (
					"$(inherited)",
					"@executable_path/Frameworks",
					"@loader_path/Frameworks",
				);
				PRODUCT_BUNDLE_IDENTIFIER = Nischalhada.QRCodeReaderRxUITests;
				PRODUCT_NAME = "$(TARGET_NAME)";
				SWIFT_VERSION = 5.0;
				TARGETED_DEVICE_FAMILY = "1,2";
				TEST_TARGET_NAME = QRCodeReaderRx;
			};
			name = Debug;
		};
		AF964E2D22EC59D000F70290 /* Release */ = {
			isa = XCBuildConfiguration;
			baseConfigurationReference = 68C78582D043E4D9815B5A52 /* Pods-QRCodeReaderRxUITests.release.xcconfig */;
			buildSettings = {
				ALWAYS_EMBED_SWIFT_STANDARD_LIBRARIES = YES;
				CODE_SIGN_STYLE = Automatic;
				DEVELOPMENT_TEAM = 8K9W8TZ624;
				INFOPLIST_FILE = QRCodeReaderRxUITests/Info.plist;
				LD_RUNPATH_SEARCH_PATHS = (
					"$(inherited)",
					"@executable_path/Frameworks",
					"@loader_path/Frameworks",
				);
				PRODUCT_BUNDLE_IDENTIFIER = Nischalhada.QRCodeReaderRxUITests;
				PRODUCT_NAME = "$(TARGET_NAME)";
				SWIFT_VERSION = 5.0;
				TARGETED_DEVICE_FAMILY = "1,2";
				TEST_TARGET_NAME = QRCodeReaderRx;
			};
			name = Release;
		};
/* End XCBuildConfiguration section */

/* Begin XCConfigurationList section */
		AF964DF522EC59CD00F70290 /* Build configuration list for PBXProject "QRCodeReaderRx" */ = {
			isa = XCConfigurationList;
			buildConfigurations = (
				AF964E2322EC59D000F70290 /* Debug */,
				AF964E2422EC59D000F70290 /* Release */,
			);
			defaultConfigurationIsVisible = 0;
			defaultConfigurationName = Release;
		};
		AF964E2522EC59D000F70290 /* Build configuration list for PBXNativeTarget "QRCodeReaderRx" */ = {
			isa = XCConfigurationList;
			buildConfigurations = (
				AF964E2622EC59D000F70290 /* Debug */,
				AF964E2722EC59D000F70290 /* Release */,
			);
			defaultConfigurationIsVisible = 0;
			defaultConfigurationName = Release;
		};
		AF964E2822EC59D000F70290 /* Build configuration list for PBXNativeTarget "QRCodeReaderRxTests" */ = {
			isa = XCConfigurationList;
			buildConfigurations = (
				AF964E2922EC59D000F70290 /* Debug */,
				AF964E2A22EC59D000F70290 /* Release */,
			);
			defaultConfigurationIsVisible = 0;
			defaultConfigurationName = Release;
		};
		AF964E2B22EC59D000F70290 /* Build configuration list for PBXNativeTarget "QRCodeReaderRxUITests" */ = {
			isa = XCConfigurationList;
			buildConfigurations = (
				AF964E2C22EC59D000F70290 /* Debug */,
				AF964E2D22EC59D000F70290 /* Release */,
			);
			defaultConfigurationIsVisible = 0;
			defaultConfigurationName = Release;
		};
/* End XCConfigurationList section */

/* Begin XCVersionGroup section */
		AF964E0422EC59CD00F70290 /* QRCodeReaderRx.xcdatamodeld */ = {
			isa = XCVersionGroup;
			children = (
				AF964E0522EC59CD00F70290 /* QRCodeReaderRx.xcdatamodel */,
			);
			currentVersion = AF964E0522EC59CD00F70290 /* QRCodeReaderRx.xcdatamodel */;
			path = QRCodeReaderRx.xcdatamodeld;
			sourceTree = "<group>";
			versionGroupType = wrapper.xcdatamodel;
		};
/* End XCVersionGroup section */
	};
	rootObject = AF964DF222EC59CD00F70290 /* Project object */;
}
