PODS:
  - AVFoundationHelperRx (0.4.0):
    - RxCocoa (~> 5.0.1)
    - RxSwift (~> 5.0.1)
  - Cuckoo (1.0.6)
  - Nimble (8.0.4)
  - QRCodeReader.swift (10.1.0)
  - Quick (2.1.0)
  - RxBlocking (5.0.1):
    - RxSwift (~> 5)
  - RxCocoa (5.0.1):
    - RxRelay (~> 5)
    - RxSwift (~> 5)
  - RxRelay (5.0.1):
    - RxSwift (~> 5)
  - RxSwift (5.0.1)
  - RxTest (5.0.1):
    - RxSwift (~> 5)
  - SwiftLint (0.38.0)

DEPENDENCIES:
  - AVFoundationHelperRx (~> 0.4)
  - Cuckoo (~> 1.0.6)
  - Nimble (~> 8)
  - QRCodeReader.swift (~> 10.1.0)
  - Quick (~> 2.1.0)
  - RxBlocking (~> 5.0)
  - RxCocoa (~> 5)
  - RxSwift (~> 5)
  - RxTest (~> 5.0)
  - SwiftLint

SPEC REPOS:
  trunk:
    - AVFoundationHelperRx
    - Cuckoo
    - Nimble
    - QRCodeReader.swift
    - Quick
    - RxBlocking
    - RxCocoa
    - RxRelay
    - RxSwift
    - RxTest
    - SwiftLint

SPEC CHECKSUMS:
  AVFoundationHelperRx: 8d977d447f4c369d42d55cfeca83f2d9e93a039f
  Cuckoo: 8074fc309159c4862665b83798f5ad03e061e8bd
  Nimble: 18d5360282923225d62b09d781f63abc1a0111fc
  QRCodeReader.swift: 373a389fe9a22d513c879a32a6f647c58f4ef572
  Quick: 4be43f6634acfa727dd106bdf3929ce125ffa79d
  RxBlocking: c5e090f42d046df8b0e7752742510f349963710f
  RxCocoa: e741b9749968e8a143e2b787f1dfbff2b63d0a5c
  RxRelay: 89d54507f4fd4d969e6ec1d4bd7f3673640b4640
  RxSwift: e2dc62b366a3adf6a0be44ba9f405efd4c94e0c4
  RxTest: 0132f952a61da82d5233abedaa559df91e5330e5
  SwiftLint: 4105f061f9812b214568b736dab580ab2c73a582

PODFILE CHECKSUM: fbe3e8b28989e1e5142e0d07288b582e46155f5d

COCOAPODS: 1.8.4
